
Microsoft Visual Studio Solution File, Format Version 12.00
# Visual Studio Version 17
VisualStudioVersion = 17.7.34018.315
MinimumVisualStudioVersion = 10.0.40219.1
Project("{FAE04EC0-301F-11D3-BF4B-00C04F79EFBC}") = "MathQuizTimer", "MathQuizTimer.csproj", "{E2201053-6D22-4AD5-9BC4-B130DC6649DD}"
EndProject
Global
	GlobalSection(SolutionConfigurationPlatforms) = preSolution
		Debug|Any CPU = Debug|Any CPU
		Release|Any CPU = Release|Any CPU
	EndGlobalSection
	GlobalSection(ProjectConfigurationPlatforms) = postSolution
		{E2201053-6D22-4AD5-9BC4-B130DC6649DD}.Debug|Any CPU.ActiveCfg = Debug|Any CPU
		{E2201053-6D22-4AD5-9BC4-B130DC6649DD}.Debug|Any CPU.Build.0 = Debug|Any CPU
		{E2201053-6D22-4AD5-9BC4-B130DC6649DD}.Release|Any CPU.ActiveCfg = Release|Any CPU
		{E2201053-6D22-4AD5-9BC4-B130DC6649DD}.Release|Any CPU.Build.0 = Release|Any CPU
	EndGlobalSection
	GlobalSection(SolutionProperties) = preSolution
		HideSolutionNode = FALSE
	EndGlobalSection
	GlobalSection(ExtensibilityGlobals) = postSolution
		SolutionGuid = {E73AF29D-30E5-4BB1-922F-BD0697BE7159}
	EndGlobalSection
EndGlobal
