
Microsoft Visual Studio Solution File, Format Version 12.00
# Visual Studio Version 17
VisualStudioVersion = 17.8.34309.116
MinimumVisualStudioVersion = 10.0.40219.1
Project("{FAE04EC0-301F-11D3-BF4B-00C04F79EFBC}") = "JsonHtml", "JsonHtml.csproj", "{7BA41397-2E1A-4E56-B5DA-4454A785B66E}"
EndProject
Global
	GlobalSection(SolutionConfigurationPlatforms) = preSolution
		Debug|Any CPU = Debug|Any CPU
		Release|Any CPU = Release|Any CPU
	EndGlobalSection
	GlobalSection(ProjectConfigurationPlatforms) = postSolution
		{7BA41397-2E1A-4E56-B5DA-4454A785B66E}.Debug|Any CPU.ActiveCfg = Debug|Any CPU
		{7BA41397-2E1A-4E56-B5DA-4454A785B66E}.Debug|Any CPU.Build.0 = Debug|Any CPU
		{7BA41397-2E1A-4E56-B5DA-4454A785B66E}.Release|Any CPU.ActiveCfg = Release|Any CPU
		{7BA41397-2E1A-4E56-B5DA-4454A785B66E}.Release|Any CPU.Build.0 = Release|Any CPU
	EndGlobalSection
	GlobalSection(SolutionProperties) = preSolution
		HideSolutionNode = FALSE
	EndGlobalSection
	GlobalSection(ExtensibilityGlobals) = postSolution
		SolutionGuid = {D17A70DD-C387-464D-BF8E-74311502C157}
	EndGlobalSection
EndGlobal
