
Microsoft Visual Studio Solution File, Format Version 12.00
# Visual Studio Version 17
VisualStudioVersion = 17.7.34018.315
MinimumVisualStudioVersion = 10.0.40219.1
Project("{FAE04EC0-301F-11D3-BF4B-00C04F79EFBC}") = "Derhammer_HelloWorld", "Derhammer_HelloWorld.csproj", "{AE4954AC-EF20-4444-9654-866E4E48E44A}"
EndProject
Global
	GlobalSection(SolutionConfigurationPlatforms) = preSolution
		Debug|Any CPU = Debug|Any CPU
		Release|Any CPU = Release|Any CPU
	EndGlobalSection
	GlobalSection(ProjectConfigurationPlatforms) = postSolution
		{AE4954AC-EF20-4444-9654-866E4E48E44A}.Debug|Any CPU.ActiveCfg = Debug|Any CPU
		{AE4954AC-EF20-4444-9654-866E4E48E44A}.Debug|Any CPU.Build.0 = Debug|Any CPU
		{AE4954AC-EF20-4444-9654-866E4E48E44A}.Release|Any CPU.ActiveCfg = Release|Any CPU
		{AE4954AC-EF20-4444-9654-866E4E48E44A}.Release|Any CPU.Build.0 = Release|Any CPU
	EndGlobalSection
	GlobalSection(SolutionProperties) = preSolution
		HideSolutionNode = FALSE
	EndGlobalSection
	GlobalSection(ExtensibilityGlobals) = postSolution
		SolutionGuid = {4B61B5D1-F22F-4E38-AB01-34F7B6F7D16A}
	EndGlobalSection
EndGlobal
