
Microsoft Visual Studio Solution File, Format Version 12.00
# Visual Studio Version 17
VisualStudioVersion = 17.7.34018.315
MinimumVisualStudioVersion = 10.0.40219.1
Project("{FAE04EC0-301F-11D3-BF4B-00C04F79EFBC}") = "Mandelbrot", "Mandelbrot.csproj", "{61E85176-F1A9-478E-8D5D-7D8519CBB4E0}"
EndProject
Global
	GlobalSection(SolutionConfigurationPlatforms) = preSolution
		Debug|Any CPU = Debug|Any CPU
		Release|Any CPU = Release|Any CPU
	EndGlobalSection
	GlobalSection(ProjectConfigurationPlatforms) = postSolution
		{61E85176-F1A9-478E-8D5D-7D8519CBB4E0}.Debug|Any CPU.ActiveCfg = Debug|Any CPU
		{61E85176-F1A9-478E-8D5D-7D8519CBB4E0}.Debug|Any CPU.Build.0 = Debug|Any CPU
		{61E85176-F1A9-478E-8D5D-7D8519CBB4E0}.Release|Any CPU.ActiveCfg = Release|Any CPU
		{61E85176-F1A9-478E-8D5D-7D8519CBB4E0}.Release|Any CPU.Build.0 = Release|Any CPU
	EndGlobalSection
	GlobalSection(SolutionProperties) = preSolution
		HideSolutionNode = FALSE
	EndGlobalSection
	GlobalSection(ExtensibilityGlobals) = postSolution
		SolutionGuid = {C1D84A7E-6F19-4B53-B102-D8E76458B04E}
	EndGlobalSection
EndGlobal
